
Microsoft Visual Studio Solution File, Format Version 12.00
# Visual Studio Version 17
VisualStudioVersion = 17.0.31903.59
MinimumVisualStudioVersion = 10.0.40219.1
Project("{2150E333-8FDC-42A3-9474-1A3956D46DE8}") = "daq_utils", "daq_utils", "{41A744D0-4583-46C4-8882-656F23A92F44}"
EndProject
Project("{FAE04EC0-301F-11D3-BF4B-00C04F79EFBC}") = "DaqUtils", "daq_utils\csharp\DaqUtils.csproj", "{DC7F027B-896B-4428-8C2B-BEDE60E4CD96}"
EndProject
Global
	GlobalSection(SolutionConfigurationPlatforms) = preSolution
		Debug|Any CPU = Debug|Any CPU
		Release|Any CPU = Release|Any CPU
	EndGlobalSection
	GlobalSection(SolutionProperties) = preSolution
		HideSolutionNode = FALSE
	EndGlobalSection
	GlobalSection(ProjectConfigurationPlatforms) = postSolution
		{DC7F027B-896B-4428-8C2B-BEDE60E4CD96}.Debug|Any CPU.ActiveCfg = Debug|Any CPU
		{DC7F027B-896B-4428-8C2B-BEDE60E4CD96}.Debug|Any CPU.Build.0 = Debug|Any CPU
		{DC7F027B-896B-4428-8C2B-BEDE60E4CD96}.Release|Any CPU.ActiveCfg = Release|Any CPU
		{DC7F027B-896B-4428-8C2B-BEDE60E4CD96}.Release|Any CPU.Build.0 = Release|Any CPU
	EndGlobalSection
	GlobalSection(NestedProjects) = preSolution
		{DC7F027B-896B-4428-8C2B-BEDE60E4CD96} = {41A744D0-4583-46C4-8882-656F23A92F44}
	EndGlobalSection
EndGlobal
